# Generated by buf. DO NOT EDIT.
version: v2
deps:
<<<<<<< HEAD
  - name: buf.build/burnt-labs/abstractaccount
    commit: 9db2c5638029409d90d27cafad584745
    digest: b5:e0ac283b3095059c2f70ee3e5ddc7e1b0f2fd528c20346c33ffa6d874570103148c05d5e3c70431e84edd1ef54f88dfc5537e5bcfe58738cde00ae15e30b535a
  - name: buf.build/burnt-labs/tokenfactory
    commit: 5e4d38acf183470b9e6490c6f0bc8847
    digest: b5:890d6979fb1c3e628e2ccb96c914b9d401f61c9dccb5aa28b5cca46a7395ba4be32b6a1b5a87e4b2ae5509a686e78765402192629af96eefe0a6f9502c8c050e
  - name: buf.build/cosmos/cosmos-proto
    commit: 04467658e59e44bbb22fe568206e1f70
    digest: b5:8058c0aadbee8c9af67a9cefe86492c6c0b0bd5b4526b0ec820507b91fc9b0b5efbebca97331854576d2d279b0b3f5ed6a7abb0640cb640c4186532239c48fc4
  - name: buf.build/cosmos/cosmos-sdk
    commit: 650cd9ad7f7a468e8e19975269958658
    digest: b5:652a0cd9aa3c220bb12b558f29b30ca5c248b994420472c9c2a54eed3d33356b1307e51687c1909ea4f535a2a1e180895b8cda83b58a4697003009d17fdbc154
  - name: buf.build/cosmos/gogo-proto
    commit: 88ef6483f90f478fb938c37dde52ece3
    digest: b5:f0c69202c9bca9672dc72a9737ea9bc83744daaed2b3da77e3a95b0e53b86dee76b5a7405b993181d6c863fd64afaca0976a302f700d6c4912eb1692a1782c0a
  - name: buf.build/googleapis/googleapis
    commit: 61b203b9a9164be9a834f58c37be6f62
    digest: b5:7811a98b35bd2e4ae5c3ac73c8b3d9ae429f3a790da15de188dc98fc2b77d6bb10e45711f14903af9553fa9821dff256054f2e4b7795789265bc476bec2f088c
  - name: buf.build/protocolbuffers/wellknowntypes
    commit: a4aee59cf3714106961b09d99b349cd1
    digest: b5:0bcf938c1c604919ccc4bee0b72b56ffe049fd043837b80aca7c89a984979e9b4913b4973166fa6e7895995b30da23daab6c83d9ba21d9d16ddc414bf25e3288
  - name: buf.build/tendermint/tendermint
    commit: 33ed361a90514289beabf3189e1d7665
    digest: b5:72e7b167e6a474c8ed7763e3fc811d756d48dd0e70d897c1d3b661656aa4ad3cf2adabadf1fa9a8fd644567678a1acd27bec139895b0469258cfa4c3ebae7aab
=======
  - remote: buf.build
    owner: burnt-labs
    repository: abstractaccount
    commit: 9db2c5638029409d90d27cafad584745
    digest: shake256:9cb480d93cbd8c4665f2964e95415f2792935d557680180cfc8536eb8f8f944618411b1f06d633610afa36b47985afaaf9a805e4102d33a6c1a9370384505a48
  - remote: buf.build
    owner: burnt-labs
    repository: tokenfactory
    commit: 5e4d38acf183470b9e6490c6f0bc8847
    digest: shake256:19708e05dc669c995751b17cfb291aa6d3c58f4d1b5cec511eca8f4d52c4fc40d092ec9dc5565da33344c1094fd866e58aead5932534753264fc6b2a34f3227e
  - remote: buf.build
    owner: cosmos
    repository: cosmos-proto
    commit: 04467658e59e44bbb22fe568206e1f70
    digest: shake256:73a640bd60e0c523b0f8237ff34eab67c45a38b64bbbde1d80224819d272dbf316ac183526bd245f994af6608b025f5130483d0133c5edd385531326b5990466
  - remote: buf.build
    owner: cosmos
    repository: cosmos-sdk
    commit: 650cd9ad7f7a468e8e19975269958658
    digest: shake256:c2c1e67ed8efa7f5c6af7a2fc02a6c257dc78fe86911cbf4d3dd379710bf475565ffe2ae4f65221888373d515caa31be68b720897cccec6e0c6a1a91ff0b5227
  - remote: buf.build
    owner: cosmos
    repository: gogo-proto
    commit: 88ef6483f90f478fb938c37dde52ece3
    digest: shake256:89c45df2aa11e0cff97b0d695436713db3d993d76792e9f8dc1ae90e6ab9a9bec55503d48ceedd6b86069ab07d3041b32001b2bfe0227fa725dd515ff381e5ba
  - remote: buf.build
    owner: googleapis
    repository: googleapis
    commit: 61b203b9a9164be9a834f58c37be6f62
    digest: shake256:e619113001d6e284ee8a92b1561e5d4ea89a47b28bf0410815cb2fa23914df8be9f1a6a98dcf069f5bc2d829a2cfb1ac614863be45cd4f8a5ad8606c5f200224
  - remote: buf.build
    owner: protocolbuffers
    repository: wellknowntypes
    commit: a4aee59cf3714106961b09d99b349cd1
    digest: shake256:7e2aa4fb37e2be8dc8a4bcbebaec00635abbcc7333df40ba6412a666335f66c5c0705ce4cc5c207e728412ac3d81850545f90e8535da66712a17ab42923be6bd
  - remote: buf.build
    owner: tendermint
    repository: tendermint
    commit: 33ed361a90514289beabf3189e1d7665
    digest: shake256:038267e06294714fd883610626554b04a127b576b4e253befb4206cb72d5d3c1eeccacd4b9ec8e3fb891f7c14e1cb0f770c077d2989638995b0a61c85afedb1d
>>>>>>> release/v22
